
Microsoft Visual Studio Solution File, Format Version 12.00
# Visual Studio 2013
VisualStudioVersion = 12.0.21005.1
MinimumVisualStudioVersion = 10.0.40219.1
Project("{FAE04EC0-301F-11D3-BF4B-00C04F79EFBC}") = "BT3_buoi7", "BT3_buoi7\BT3_buoi7.csproj", "{80889178-4322-48F3-9356-669A29BF67D0}"
EndProject
Project("{FAE04EC0-301F-11D3-BF4B-00C04F79EFBC}") = "BT2_buoi7", "BT2_buoi7\BT2_buoi7.csproj", "{0462C0AD-2082-4A26-A0EC-32271B709CB3}"
EndProject
Global
	GlobalSection(SolutionConfigurationPlatforms) = preSolution
		Debug|Any CPU = Debug|Any CPU
		Release|Any CPU = Release|Any CPU
	EndGlobalSection
	GlobalSection(ProjectConfigurationPlatforms) = postSolution
		{80889178-4322-48F3-9356-669A29BF67D0}.Debug|Any CPU.ActiveCfg = Debug|Any CPU
		{80889178-4322-48F3-9356-669A29BF67D0}.Debug|Any CPU.Build.0 = Debug|Any CPU
		{80889178-4322-48F3-9356-669A29BF67D0}.Release|Any CPU.ActiveCfg = Release|Any CPU
		{80889178-4322-48F3-9356-669A29BF67D0}.Release|Any CPU.Build.0 = Release|Any CPU
		{0462C0AD-2082-4A26-A0EC-32271B709CB3}.Debug|Any CPU.ActiveCfg = Debug|Any CPU
		{0462C0AD-2082-4A26-A0EC-32271B709CB3}.Debug|Any CPU.Build.0 = Debug|Any CPU
		{0462C0AD-2082-4A26-A0EC-32271B709CB3}.Release|Any CPU.ActiveCfg = Release|Any CPU
		{0462C0AD-2082-4A26-A0EC-32271B709CB3}.Release|Any CPU.Build.0 = Release|Any CPU
	EndGlobalSection
	GlobalSection(SolutionProperties) = preSolution
		HideSolutionNode = FALSE
	EndGlobalSection
EndGlobal
